
Microsoft Visual Studio Solution File, Format Version 12.00
# Visual Studio Version 16
VisualStudioVersion = 16.0.30717.126
MinimumVisualStudioVersion = 10.0.40219.1
Project("{FAE04EC0-301F-11D3-BF4B-00C04F79EFBC}") = "Diagnostic_Center_Bill_Management_System", "Diagnostic_Center_Bill_Management_System.csproj", "{55BC8001-F462-4A74-8686-D8E1EE5415F1}"
EndProject
Global
	GlobalSection(SolutionConfigurationPlatforms) = preSolution
		Debug|Any CPU = Debug|Any CPU
		Release|Any CPU = Release|Any CPU
	EndGlobalSection
	GlobalSection(ProjectConfigurationPlatforms) = postSolution
		{55BC8001-F462-4A74-8686-D8E1EE5415F1}.Debug|Any CPU.ActiveCfg = Debug|Any CPU
		{55BC8001-F462-4A74-8686-D8E1EE5415F1}.Debug|Any CPU.Build.0 = Debug|Any CPU
		{55BC8001-F462-4A74-8686-D8E1EE5415F1}.Release|Any CPU.ActiveCfg = Release|Any CPU
		{55BC8001-F462-4A74-8686-D8E1EE5415F1}.Release|Any CPU.Build.0 = Release|Any CPU
	EndGlobalSection
	GlobalSection(SolutionProperties) = preSolution
		HideSolutionNode = FALSE
	EndGlobalSection
	GlobalSection(ExtensibilityGlobals) = postSolution
		SolutionGuid = {C40575AE-6F66-4AE1-A426-35976AB61FC9}
	EndGlobalSection
EndGlobal
